
Microsoft Visual Studio Solution File, Format Version 12.00
# Visual Studio 2012
Project("{FAE04EC0-301F-11D3-BF4B-00C04F79EFBC}") = "Vadzim_1_ap", "Vadzim_1_ap\Vadzim_1_ap.csproj", "{77EDBBFC-CA3B-4C41-A454-51CE42B946EB}"
EndProject
Global
	GlobalSection(SolutionConfigurationPlatforms) = preSolution
		Debug|Any CPU = Debug|Any CPU
		Release|Any CPU = Release|Any CPU
	EndGlobalSection
	GlobalSection(ProjectConfigurationPlatforms) = postSolution
		{77EDBBFC-CA3B-4C41-A454-51CE42B946EB}.Debug|Any CPU.ActiveCfg = Debug|Any CPU
		{77EDBBFC-CA3B-4C41-A454-51CE42B946EB}.Debug|Any CPU.Build.0 = Debug|Any CPU
		{77EDBBFC-CA3B-4C41-A454-51CE42B946EB}.Release|Any CPU.ActiveCfg = Release|Any CPU
		{77EDBBFC-CA3B-4C41-A454-51CE42B946EB}.Release|Any CPU.Build.0 = Release|Any CPU
	EndGlobalSection
	GlobalSection(SolutionProperties) = preSolution
		HideSolutionNode = FALSE
	EndGlobalSection
EndGlobal
